
Microsoft Visual Studio Solution File, Format Version 12.00
# Visual Studio Version 16
VisualStudioVersion = 16.0.29418.71
MinimumVisualStudioVersion = 10.0.40219.1
Project("{FAE04EC0-301F-11D3-BF4B-00C04F79EFBC}") = "WebApp", "WebApp\WebApp.csproj", "{EDC21E5E-FD84-4C85-B890-CA01A5B681ED}"
EndProject
Global
	GlobalSection(SolutionConfigurationPlatforms) = preSolution
		Debug|Any CPU = Debug|Any CPU
		Release|Any CPU = Release|Any CPU
	EndGlobalSection
	GlobalSection(ProjectConfigurationPlatforms) = postSolution
		{EDC21E5E-FD84-4C85-B890-CA01A5B681ED}.Debug|Any CPU.ActiveCfg = Debug|Any CPU
		{EDC21E5E-FD84-4C85-B890-CA01A5B681ED}.Debug|Any CPU.Build.0 = Debug|Any CPU
		{EDC21E5E-FD84-4C85-B890-CA01A5B681ED}.Release|Any CPU.ActiveCfg = Release|Any CPU
		{EDC21E5E-FD84-4C85-B890-CA01A5B681ED}.Release|Any CPU.Build.0 = Release|Any CPU
	EndGlobalSection
	GlobalSection(SolutionProperties) = preSolution
		HideSolutionNode = FALSE
	EndGlobalSection
	GlobalSection(ExtensibilityGlobals) = postSolution
		SolutionGuid = {B6C250E1-41ED-4B74-BCAF-CC7B24E0FCD5}
	EndGlobalSection
EndGlobal
